# THIS IS AN AUTOGENERATED FILE. DO NOT EDIT THIS FILE DIRECTLY.
# yarn lockfile v1


de-indent@^1.0.2:
  version "1.0.2"
  resolved "http://registry.npm.taobao.org/de-indent/download/de-indent-1.0.2.tgz#b2038e846dc33baa5796128d0804b455b8c1e21d"

he@^1.1.0:
  version "1.1.1"
  resolved "http://registry.npm.taobao.org/he/download/he-1.1.1.tgz#93410fd21b009735151f8868c2f271f3427e23fd"

vue-template-compiler@^2.5.16:
  version "2.5.16"
  resolved "http://registry.npm.taobao.org/vue-template-compiler/download/vue-template-compiler-2.5.16.tgz#93b48570e56c720cdf3f051cc15287c26fbd04cb"
  dependencies:
    de-indent "^1.0.2"
    he "^1.1.0"
